// !$*UTF8*$!
{
	archiveVersion = 1;
	classes = {
	};
	objectVersion = 46;
	objects = {

/* Begin PBXBuildFile section */
		623A44C31C9AAEB7001001FD /* main.m in Sources */ = {isa = PBXBuildFile; fileRef = 623A44C21C9AAEB7001001FD /* main.m */; };
		623A44C61C9AAEB7001001FD /* AppDelegate.m in Sources */ = {isa = PBXBuildFile; fileRef = 623A44C51C9AAEB7001001FD /* AppDelegate.m */; };
		623A44C91C9AAEB7001001FD /* MasterViewController.m in Sources */ = {isa = PBXBuildFile; fileRef = 623A44C81C9AAEB7001001FD /* MasterViewController.m */; };
		623A44CC1C9AAEB7001001FD /* DetailViewController.m in Sources */ = {isa = PBXBuildFile; fileRef = 623A44CB1C9AAEB7001001FD /* DetailViewController.m */; };
		623A44CF1C9AAEB7001001FD /* Main.storyboard in Resources */ = {isa = PBXBuildFile; fileRef = 623A44CD1C9AAEB7001001FD /* Main.storyboard */; };
		623A44D11C9AAEB7001001FD /* Assets.xcassets in Resources */ = {isa = PBXBuildFile; fileRef = 623A44D01C9AAEB7001001FD /* Assets.xcassets */; };
		623A44D41C9AAEB7001001FD /* LaunchScreen.storyboard in Resources */ = {isa = PBXBuildFile; fileRef = 623A44D21C9AAEB7001001FD /* LaunchScreen.storyboard */; };
/* End PBXBuildFile section */

/* Begin PBXFileReference section */
		623A44BE1C9AAEB7001001FD /* treeTableView.app */ = {isa = PBXFileReference; explicitFileType = wrapper.application; includeInIndex = 0; path = treeTableView.app; sourceTree = BUILT_PRODUCTS_DIR; };
		623A44C21C9AAEB7001001FD /* main.m */ = {isa = PBXFileReference; lastKnownFileType = sourcecode.c.objc; path = main.m; sourceTree = "<group>"; };
		623A44C41C9AAEB7001001FD /* AppDelegate.h */ = {isa = PBXFileReference; lastKnownFileType = sourcecode.c.h; path = AppDelegate.h; sourceTree = "<group>"; };
		623A44C51C9AAEB7001001FD /* AppDelegate.m */ = {isa = PBXFileReference; lastKnownFileType = sourcecode.c.objc; path = AppDelegate.m; sourceTree = "<group>"; };
		623A44C71C9AAEB7001001FD /* MasterViewController.h */ = {isa = PBXFileReference; lastKnownFileType = sourcecode.c.h; path = MasterViewController.h; sourceTree = "<group>"; };
		623A44C81C9AAEB7001001FD /* MasterViewController.m */ = {isa = PBXFileReference; lastKnownFileType = sourcecode.c.objc; path = MasterViewController.m; sourceTree = "<group>"; };
		623A44CA1C9AAEB7001001FD /* DetailViewController.h */ = {isa = PBXFileReference; lastKnownFileType = sourcecode.c.h; path = DetailViewController.h; sourceTree = "<group>"; };
		623A44CB1C9AAEB7001001FD /* DetailViewController.m */ = {isa = PBXFileReference; lastKnownFileType = sourcecode.c.objc; path = DetailViewController.m; sourceTree = "<group>"; };
		623A44CE1C9AAEB7001001FD /* Base */ = {isa = PBXFileReference; lastKnownFileType = file.storyboard; name = Base; path = Base.lproj/Main.storyboard; sourceTree = "<group>"; };
		623A44D01C9AAEB7001001FD /* Assets.xcassets */ = {isa = PBXFileReference; lastKnownFileType = folder.assetcatalog; path = Assets.xcassets; sourceTree = "<group>"; };
		623A44D31C9AAEB7001001FD /* Base */ = {isa = PBXFileReference; lastKnownFileType = file.storyboard; name = Base; path = Base.lproj/LaunchScreen.storyboard; sourceTree = "<group>"; };
		623A44D51C9AAEB7001001FD /* Info.plist */ = {isa = PBXFileReference; lastKnownFileType = text.plist.xml; path = Info.plist; sourceTree = "<group>"; };
/* End PBXFileReference section */

/* Begin PBXFrameworksBuildPhase section */
		623A44BB1C9AAEB7001001FD /* Frameworks */ = {
			isa = PBXFrameworksBuildPhase;
			buildActionMask = 2147483647;
			files = (
			);
			runOnlyForDeploymentPostprocessing = 0;
		};
/* End PBXFrameworksBuildPhase section */

/* Begin PBXGroup section */
		623A44B51C9AAEB7001001FD = {
			isa = PBXGroup;
			children = (
				623A44C01C9AAEB7001001FD /* treeTableView */,
				623A44BF1C9AAEB7001001FD /* Products */,
			);
			sourceTree = "<group>";
		};
		623A44BF1C9AAEB7001001FD /* Products */ = {
			isa = PBXGroup;
			children = (
				623A44BE1C9AAEB7001001FD /* treeTableView.app */,
			);
			name = Products;
			sourceTree = "<group>";
		};
		623A44C01C9AAEB7001001FD /* treeTableView */ = {
			isa = PBXGroup;
			children = (
				623A44C41C9AAEB7001001FD /* AppDelegate.h */,
				623A44C51C9AAEB7001001FD /* AppDelegate.m */,
				623A44C71C9AAEB7001001FD /* MasterViewController.h */,
				623A44C81C9AAEB7001001FD /* MasterViewController.m */,
				623A44CA1C9AAEB7001001FD /* DetailViewController.h */,
				623A44CB1C9AAEB7001001FD /* DetailViewController.m */,
				623A44CD1C9AAEB7001001FD /* Main.storyboard */,
				623A44D01C9AAEB7001001FD /* Assets.xcassets */,
				623A44D21C9AAEB7001001FD /* LaunchScreen.storyboard */,
				623A44D51C9AAEB7001001FD /* Info.plist */,
				623A44C11C9AAEB7001001FD /* Supporting Files */,
			);
			path = treeTableView;
			sourceTree = "<group>";
		};
		623A44C11C9AAEB7001001FD /* Supporting Files */ = {
			isa = PBXGroup;
			children = (
				623A44C21C9AAEB7001001FD /* main.m */,
			);
			name = "Supporting Files";
			sourceTree = "<group>";
		};
/* End PBXGroup section */

/* Begin PBXNativeTarget section */
		623A44BD1C9AAEB7001001FD /* treeTableView */ = {
			isa = PBXNativeTarget;
			buildConfigurationList = 623A44D81C9AAEB7001001FD /* Build configuration list for PBXNativeTarget "treeTableView" */;
			buildPhases = (
				623A44BA1C9AAEB7001001FD /* Sources */,
				623A44BB1C9AAEB7001001FD /* Frameworks */,
				623A44BC1C9AAEB7001001FD /* Resources */,
			);
			buildRules = (
			);
			dependencies = (
			);
			name = treeTableView;
			productName = treeTableView;
			productReference = 623A44BE1C9AAEB7001001FD /* treeTableView.app */;
			productType = "com.apple.product-type.application";
		};
/* End PBXNativeTarget section */

/* Begin PBXProject section */
		623A44B61C9AAEB7001001FD /* Project object */ = {
			isa = PBXProject;
			attributes = {
				LastUpgradeCheck = 0720;
				ORGANIZATIONNAME = bdAppManiac;
				TargetAttributes = {
					623A44BD1C9AAEB7001001FD = {
						CreatedOnToolsVersion = 7.2;
					};
				};
			};
			buildConfigurationList = 623A44B91C9AAEB7001001FD /* Build configuration list for PBXProject "treeTableView" */;
			compatibilityVersion = "Xcode 3.2";
			developmentRegion = English;
			hasScannedForEncodings = 0;
			knownRegions = (
				en,
				Base,
			);
			mainGroup = 623A44B51C9AAEB7001001FD;
			productRefGroup = 623A44BF1C9AAEB7001001FD /* Products */;
			projectDirPath = "";
			projectRoot = "";
			targets = (
				623A44BD1C9AAEB7001001FD /* treeTableView */,
			);
		};
/* End PBXProject section */

/* Begin PBXResourcesBuildPhase section */
		623A44BC1C9AAEB7001001FD /* Resources */ = {
			isa = PBXResourcesBuildPhase;
			buildActionMask = 2147483647;
			files = (
				623A44D41C9AAEB7001001FD /* LaunchScreen.storyboard in Resources */,
				623A44D11C9AAEB7001001FD /* Assets.xcassets in Resources */,
				623A44CF1C9AAEB7001001FD /* Main.storyboard in Resources */,
			);
			runOnlyForDeploymentPostprocessing = 0;
		};
/* End PBXResourcesBuildPhase section */

/* Begin PBXSourcesBuildPhase section */
		623A44BA1C9AAEB7001001FD /* Sources */ = {
			isa = PBXSourcesBuildPhase;
			buildActionMask = 2147483647;
			files = (
				623A44C61C9AAEB7001001FD /* AppDelegate.m in Sources */,
				623A44C91C9AAEB7001001FD /* MasterViewController.m in Sources */,
				623A44C31C9AAEB7001001FD /* main.m in Sources */,
				623A44CC1C9AAEB7001001FD /* DetailViewController.m in Sources */,
			);
			runOnlyForDeploymentPostprocessing = 0;
		};
/* End PBXSourcesBuildPhase section */

/* Begin PBXVariantGroup section */
		623A44CD1C9AAEB7001001FD /* Main.storyboard */ = {
			isa = PBXVariantGroup;
			children = (
				623A44CE1C9AAEB7001001FD /* Base */,
			);
			name = Main.storyboard;
			sourceTree = "<group>";
		};
		623A44D21C9AAEB7001001FD /* LaunchScreen.storyboard */ = {
			isa = PBXVariantGroup;
			children = (
				623A44D31C9AAEB7001001FD /* Base */,
			);
			name = LaunchScreen.storyboard;
			sourceTree = "<group>";
		};
/* End PBXVariantGroup section */

/* Begin XCBuildConfiguration section */
		623A44D61C9AAEB7001001FD /* Debug */ = {
			isa = XCBuildConfiguration;
			buildSettings = {
				ALWAYS_SEARCH_USER_PATHS = NO;
				CLANG_CXX_LANGUAGE_STANDARD = "gnu++0x";
				CLANG_CXX_LIBRARY = "libc++";
				CLANG_ENABLE_MODULES = YES;
				CLANG_ENABLE_OBJC_ARC = YES;
				CLANG_WARN_BOOL_CONVERSION = YES;
				CLANG_WARN_CONSTANT_CONVERSION = YES;
				CLANG_WARN_DIRECT_OBJC_ISA_USAGE = YES_ERROR;
				CLANG_WARN_EMPTY_BODY = YES;
				CLANG_WARN_ENUM_CONVERSION = YES;
				CLANG_WARN_INT_CONVERSION = YES;
				CLANG_WARN_OBJC_ROOT_CLASS = YES_ERROR;
				CLANG_WARN_UNREACHABLE_CODE = YES;
				CLANG_WARN__DUPLICATE_METHOD_MATCH = YES;
				"CODE_SIGN_IDENTITY[sdk=iphoneos*]" = "iPhone Developer";
				COPY_PHASE_STRIP = NO;
				DEBUG_INFORMATION_FORMAT = dwarf;
				ENABLE_STRICT_OBJC_MSGSEND = YES;
				ENABLE_TESTABILITY = YES;
				GCC_C_LANGUAGE_STANDARD = gnu99;
				GCC_DYNAMIC_NO_PIC = NO;
				GCC_NO_COMMON_BLOCKS = YES;
				GCC_OPTIMIZATION_LEVEL = 0;
				GCC_PREPROCESSOR_DEFINITIONS = (
					"DEBUG=1",
					"$(inherited)",
				);
				GCC_WARN_64_TO_32_BIT_CONVERSION = YES;
				GCC_WARN_ABOUT_RETURN_TYPE = YES_ERROR;
				GCC_WARN_UNDECLARED_SELECTOR = YES;
				GCC_WARN_UNINITIALIZED_AUTOS = YES_AGGRESSIVE;
				GCC_WARN_UNUSED_FUNCTION = YES;
				GCC_WARN_UNUSED_VARIABLE = YES;
				IPHONEOS_DEPLOYMENT_TARGET = 9.2;
				MTL_ENABLE_DEBUG_INFO = YES;
				ONLY_ACTIVE_ARCH = YES;
				SDKROOT = iphoneos;
				TARGETED_DEVICE_FAMILY = "1,2";
			};
			name = Debug;
		};
		623A44D71C9AAEB7001001FD /* Release */ = {
			isa = XCBuildConfiguration;
			buildSettings = {
				ALWAYS_SEARCH_USER_PATHS = NO;
				CLANG_CXX_LANGUAGE_STANDARD = "gnu++0x";
				CLANG_CXX_LIBRARY = "libc++";
				CLANG_ENABLE_MODULES = YES;
				CLANG_ENABLE_OBJC_ARC = YES;
				CLANG_WARN_BOOL_CONVERSION = YES;
				CLANG_WARN_CONSTANT_CONVERSION = YES;
				CLANG_WARN_DIRECT_OBJC_ISA_USAGE = YES_ERROR;
				CLANG_WARN_EMPTY_BODY = YES;
				CLANG_WARN_ENUM_CONVERSION = YES;
				CLANG_WARN_INT_CONVERSION = YES;
				CLANG_WARN_OBJC_ROOT_CLASS = YES_ERROR;
				CLANG_WARN_UNREACHABLE_CODE = YES;
				CLANG_WARN__DUPLICATE_METHOD_MATCH = YES;
				"CODE_SIGN_IDENTITY[sdk=iphoneos*]" = "iPhone Developer";
				COPY_PHASE_STRIP = NO;
				DEBUG_INFORMATION_FORMAT = "dwarf-with-dsym";
				ENABLE_NS_ASSERTIONS = NO;
				ENABLE_STRICT_OBJC_MSGSEND = YES;
				GCC_C_LANGUAGE_STANDARD = gnu99;
				GCC_NO_COMMON_BLOCKS = YES;
				GCC_WARN_64_TO_32_BIT_CONVERSION = YES;
				GCC_WARN_ABOUT_RETURN_TYPE = YES_ERROR;
				GCC_WARN_UNDECLARED_SELECTOR = YES;
				GCC_WARN_UNINITIALIZED_AUTOS = YES_AGGRESSIVE;
				GCC_WARN_UNUSED_FUNCTION = YES;
				GCC_WARN_UNUSED_VARIABLE = YES;
				IPHONEOS_DEPLOYMENT_TARGET = 9.2;
				MTL_ENABLE_DEBUG_INFO = NO;
				SDKROOT = iphoneos;
				TARGETED_DEVICE_FAMILY = "1,2";
				VALIDATE_PRODUCT = YES;
			};
			name = Release;
		};
		623A44D91C9AAEB7001001FD /* Debug */ = {
			isa = XCBuildConfiguration;
			buildSettings = {
				ASSETCATALOG_COMPILER_APPICON_NAME = AppIcon;
				INFOPLIST_FILE = treeTableView/Info.plist;
				LD_RUNPATH_SEARCH_PATHS = "$(inherited) @executable_path/Frameworks";
				PRODUCT_BUNDLE_IDENTIFIER = com.bdAppManiac.treeTableView;
				PRODUCT_NAME = "$(TARGET_NAME)";
			};
			name = Debug;
		};
		623A44DA1C9AAEB7001001FD /* Release */ = {
			isa = XCBuildConfiguration;
			buildSettings = {
				ASSETCATALOG_COMPILER_APPICON_NAME = AppIcon;
				INFOPLIST_FILE = treeTableView/Info.plist;
				LD_RUNPATH_SEARCH_PATHS = "$(inherited) @executable_path/Frameworks";
				PRODUCT_BUNDLE_IDENTIFIER = com.bdAppManiac.treeTableView;
				PRODUCT_NAME = "$(TARGET_NAME)";
			};
			name = Release;
		};
/* End XCBuildConfiguration section */

/* Begin XCConfigurationList section */
		623A44B91C9AAEB7001001FD /* Build configuration list for PBXProject "treeTableView" */ = {
			isa = XCConfigurationList;
			buildConfigurations = (
				623A44D61C9AAEB7001001FD /* Debug */,
				623A44D71C9AAEB7001001FD /* Release */,
			);
			defaultConfigurationIsVisible = 0;
			defaultConfigurationName = Release;
		};
		623A44D81C9AAEB7001001FD /* Build configuration list for PBXNativeTarget "treeTableView" */ = {
			isa = XCConfigurationList;
			buildConfigurations = (
				623A44D91C9AAEB7001001FD /* Debug */,
				623A44DA1C9AAEB7001001FD /* Release */,
			);
			defaultConfigurationIsVisible = 0;
		};
/* End XCConfigurationList section */
	};
	rootObject = 623A44B61C9AAEB7001001FD /* Project object */;
}
